
Microsoft Visual Studio Solution File, Format Version 12.00
# Visual Studio Version 17
VisualStudioVersion = 17.1.32210.238
MinimumVisualStudioVersion = 10.0.40219.1
Project("{FAE04EC0-301F-11D3-BF4B-00C04F79EFBC}") = "ConsoleApp34", "ConsoleApp34\ConsoleApp34.csproj", "{8A0C1620-3FDA-4308-A318-B232B4D66F50}"
EndProject
Global
	GlobalSection(SolutionConfigurationPlatforms) = preSolution
		Debug|Any CPU = Debug|Any CPU
		Release|Any CPU = Release|Any CPU
	EndGlobalSection
	GlobalSection(ProjectConfigurationPlatforms) = postSolution
		{8A0C1620-3FDA-4308-A318-B232B4D66F50}.Debug|Any CPU.ActiveCfg = Debug|Any CPU
		{8A0C1620-3FDA-4308-A318-B232B4D66F50}.Debug|Any CPU.Build.0 = Debug|Any CPU
		{8A0C1620-3FDA-4308-A318-B232B4D66F50}.Release|Any CPU.ActiveCfg = Release|Any CPU
		{8A0C1620-3FDA-4308-A318-B232B4D66F50}.Release|Any CPU.Build.0 = Release|Any CPU
	EndGlobalSection
	GlobalSection(SolutionProperties) = preSolution
		HideSolutionNode = FALSE
	EndGlobalSection
	GlobalSection(ExtensibilityGlobals) = postSolution
		SolutionGuid = {40B25DD7-01B5-4282-A765-2323885A93DA}
	EndGlobalSection
EndGlobal
