
Microsoft Visual Studio Solution File, Format Version 12.00
# Visual Studio Version 17
VisualStudioVersion = 17.1.32210.238
MinimumVisualStudioVersion = 10.0.40219.1
Project("{FAE04EC0-301F-11D3-BF4B-00C04F79EFBC}") = "ConsoleApp33", "ConsoleApp33\ConsoleApp33.csproj", "{B9B73817-50B7-46BA-9E21-63637C626E89}"
EndProject
Global
	GlobalSection(SolutionConfigurationPlatforms) = preSolution
		Debug|Any CPU = Debug|Any CPU
		Release|Any CPU = Release|Any CPU
	EndGlobalSection
	GlobalSection(ProjectConfigurationPlatforms) = postSolution
		{B9B73817-50B7-46BA-9E21-63637C626E89}.Debug|Any CPU.ActiveCfg = Debug|Any CPU
		{B9B73817-50B7-46BA-9E21-63637C626E89}.Debug|Any CPU.Build.0 = Debug|Any CPU
		{B9B73817-50B7-46BA-9E21-63637C626E89}.Release|Any CPU.ActiveCfg = Release|Any CPU
		{B9B73817-50B7-46BA-9E21-63637C626E89}.Release|Any CPU.Build.0 = Release|Any CPU
	EndGlobalSection
	GlobalSection(SolutionProperties) = preSolution
		HideSolutionNode = FALSE
	EndGlobalSection
	GlobalSection(ExtensibilityGlobals) = postSolution
		SolutionGuid = {2AAF4913-9F54-4228-9BA6-012B1BFA37AC}
	EndGlobalSection
EndGlobal
